
Microsoft Visual Studio Solution File, Format Version 12.00
# Visual Studio Version 16
VisualStudioVersion = 16.0.30517.126
MinimumVisualStudioVersion = 10.0.40219.1
Project("{9A19103F-16F7-4668-BE54-9A1E7A4F7556}") = "HackerNews", "HackerNews\HackerNews.csproj", "{8B39AA5E-3DA8-42B7-A1D3-691C4F378ED4}"
EndProject
Project("{FAE04EC0-301F-11D3-BF4B-00C04F79EFBC}") = "HackerNewsTests1", "HackerNewsTests1\HackerNewsTests1.csproj", "{048AF7AD-5AC6-481B-AEED-0D13B8821302}"
EndProject
Global
	GlobalSection(SolutionConfigurationPlatforms) = preSolution
		Debug|Any CPU = Debug|Any CPU
		Release|Any CPU = Release|Any CPU
	EndGlobalSection
	GlobalSection(ProjectConfigurationPlatforms) = postSolution
		{8B39AA5E-3DA8-42B7-A1D3-691C4F378ED4}.Debug|Any CPU.ActiveCfg = Debug|Any CPU
		{8B39AA5E-3DA8-42B7-A1D3-691C4F378ED4}.Debug|Any CPU.Build.0 = Debug|Any CPU
		{8B39AA5E-3DA8-42B7-A1D3-691C4F378ED4}.Release|Any CPU.ActiveCfg = Release|Any CPU
		{8B39AA5E-3DA8-42B7-A1D3-691C4F378ED4}.Release|Any CPU.Build.0 = Release|Any CPU
		{048AF7AD-5AC6-481B-AEED-0D13B8821302}.Debug|Any CPU.ActiveCfg = Debug|Any CPU
		{048AF7AD-5AC6-481B-AEED-0D13B8821302}.Debug|Any CPU.Build.0 = Debug|Any CPU
		{048AF7AD-5AC6-481B-AEED-0D13B8821302}.Release|Any CPU.ActiveCfg = Release|Any CPU
		{048AF7AD-5AC6-481B-AEED-0D13B8821302}.Release|Any CPU.Build.0 = Release|Any CPU
	EndGlobalSection
	GlobalSection(SolutionProperties) = preSolution
		HideSolutionNode = FALSE
	EndGlobalSection
	GlobalSection(ExtensibilityGlobals) = postSolution
		SolutionGuid = {6DB994DE-B97F-491C-9EEB-93E03D9A8946}
	EndGlobalSection
EndGlobal
